// !$*UTF8*$!
{
	archiveVersion = 1;
	classes = {
	};
	objectVersion = 55;
	objects = {

/* Begin PBXBuildFile section */
		A779F76626C918F500E96667 /* main.cpp in Sources */ = {isa = PBXBuildFile; fileRef = A779F76526C918F500E96667 /* main.cpp */; };
		A77DE7E126CAB25100A05271 /* sphere16.cpp in Sources */ = {isa = PBXBuildFile; fileRef = A77DE7E026CAB25100A05271 /* sphere16.cpp */; };
		A77DE7ED26CABAF600A05271 /* sphere15.cpp in Sources */ = {isa = PBXBuildFile; fileRef = A77DE7EC26CABAF600A05271 /* sphere15.cpp */; };
		E208FE4D27AFF6B300FC1623 /* excluded_volume.cpp in Sources */ = {isa = PBXBuildFile; fileRef = E208FE4C27AFF6B300FC1623 /* excluded_volume.cpp */; };
		E233D38229802FD700B309C7 /* bond_percolation.cpp in Sources */ = {isa = PBXBuildFile; fileRef = E233D38129802FD700B309C7 /* bond_percolation.cpp */; };
		E26C6C7728018876003C97E9 /* site_percolation.cpp in Sources */ = {isa = PBXBuildFile; fileRef = E26C6C7628018876003C97E9 /* site_percolation.cpp */; };
		E2C5B7C926E4DE57004DDC3C /* percolation.cpp in Sources */ = {isa = PBXBuildFile; fileRef = E2C5B7C826E4DE57004DDC3C /* percolation.cpp */; };
/* End PBXBuildFile section */

/* Begin PBXCopyFilesBuildPhase section */
		A779F76026C918F500E96667 /* CopyFiles */ = {
			isa = PBXCopyFilesBuildPhase;
			buildActionMask = 2147483647;
			dstPath = /usr/share/man/man1/;
			dstSubfolderSpec = 0;
			files = (
			);
			runOnlyForDeploymentPostprocessing = 1;
		};
		A77DE7DC26CAB25100A05271 /* CopyFiles */ = {
			isa = PBXCopyFilesBuildPhase;
			buildActionMask = 2147483647;
			dstPath = /usr/share/man/man1/;
			dstSubfolderSpec = 0;
			files = (
			);
			runOnlyForDeploymentPostprocessing = 1;
		};
		A77DE7E826CABAF600A05271 /* CopyFiles */ = {
			isa = PBXCopyFilesBuildPhase;
			buildActionMask = 2147483647;
			dstPath = /usr/share/man/man1/;
			dstSubfolderSpec = 0;
			files = (
			);
			runOnlyForDeploymentPostprocessing = 1;
		};
		E208FE4827AFF6B300FC1623 /* CopyFiles */ = {
			isa = PBXCopyFilesBuildPhase;
			buildActionMask = 2147483647;
			dstPath = /usr/share/man/man1/;
			dstSubfolderSpec = 0;
			files = (
			);
			runOnlyForDeploymentPostprocessing = 1;
		};
		E233D37D29802FD700B309C7 /* CopyFiles */ = {
			isa = PBXCopyFilesBuildPhase;
			buildActionMask = 2147483647;
			dstPath = /usr/share/man/man1/;
			dstSubfolderSpec = 0;
			files = (
			);
			runOnlyForDeploymentPostprocessing = 1;
		};
		E26C6C7228018876003C97E9 /* CopyFiles */ = {
			isa = PBXCopyFilesBuildPhase;
			buildActionMask = 2147483647;
			dstPath = /usr/share/man/man1/;
			dstSubfolderSpec = 0;
			files = (
			);
			runOnlyForDeploymentPostprocessing = 1;
		};
		E2C5B7C426E4DE57004DDC3C /* CopyFiles */ = {
			isa = PBXCopyFilesBuildPhase;
			buildActionMask = 2147483647;
			dstPath = /usr/share/man/man1/;
			dstSubfolderSpec = 0;
			files = (
			);
			runOnlyForDeploymentPostprocessing = 1;
		};
/* End PBXCopyFilesBuildPhase section */

/* Begin PBXFileReference section */
		A779F76226C918F500E96667 /* svg */ = {isa = PBXFileReference; explicitFileType = "compiled.mach-o.executable"; includeInIndex = 0; path = svg; sourceTree = BUILT_PRODUCTS_DIR; };
		A779F76526C918F500E96667 /* main.cpp */ = {isa = PBXFileReference; lastKnownFileType = sourcecode.cpp.cpp; path = main.cpp; sourceTree = "<group>"; };
		A779F76C26C9190800E96667 /* svg.h */ = {isa = PBXFileReference; lastKnownFileType = sourcecode.c.h; path = svg.h; sourceTree = "<group>"; };
		A77DE7DE26CAB25100A05271 /* sphere16 */ = {isa = PBXFileReference; explicitFileType = "compiled.mach-o.executable"; includeInIndex = 0; path = sphere16; sourceTree = BUILT_PRODUCTS_DIR; };
		A77DE7E026CAB25100A05271 /* sphere16.cpp */ = {isa = PBXFileReference; lastKnownFileType = sourcecode.cpp.cpp; path = sphere16.cpp; sourceTree = "<group>"; };
		A77DE7E526CAB2CE00A05271 /* spheres.h */ = {isa = PBXFileReference; lastKnownFileType = sourcecode.c.h; path = spheres.h; sourceTree = "<group>"; };
		A77DE7EA26CABAF600A05271 /* sphere15 */ = {isa = PBXFileReference; explicitFileType = "compiled.mach-o.executable"; includeInIndex = 0; path = sphere15; sourceTree = BUILT_PRODUCTS_DIR; };
		A77DE7EC26CABAF600A05271 /* sphere15.cpp */ = {isa = PBXFileReference; lastKnownFileType = sourcecode.cpp.cpp; path = sphere15.cpp; sourceTree = "<group>"; };
		E208FE4A27AFF6B300FC1623 /* excluded_volume */ = {isa = PBXFileReference; explicitFileType = "compiled.mach-o.executable"; includeInIndex = 0; path = excluded_volume; sourceTree = BUILT_PRODUCTS_DIR; };
		E208FE4C27AFF6B300FC1623 /* excluded_volume.cpp */ = {isa = PBXFileReference; lastKnownFileType = sourcecode.cpp.cpp; path = excluded_volume.cpp; sourceTree = "<group>"; };
		E208FE5127AFFC1700FC1623 /* model.h */ = {isa = PBXFileReference; lastKnownFileType = sourcecode.c.h; path = model.h; sourceTree = "<group>"; };
		E233D37F29802FD700B309C7 /* bond_percolation */ = {isa = PBXFileReference; explicitFileType = "compiled.mach-o.executable"; includeInIndex = 0; path = bond_percolation; sourceTree = BUILT_PRODUCTS_DIR; };
		E233D38129802FD700B309C7 /* bond_percolation.cpp */ = {isa = PBXFileReference; lastKnownFileType = sourcecode.cpp.cpp; path = bond_percolation.cpp; sourceTree = "<group>"; };
		E26C6C7428018876003C97E9 /* site_percolation */ = {isa = PBXFileReference; explicitFileType = "compiled.mach-o.executable"; includeInIndex = 0; path = site_percolation; sourceTree = BUILT_PRODUCTS_DIR; };
		E26C6C7628018876003C97E9 /* site_percolation.cpp */ = {isa = PBXFileReference; lastKnownFileType = sourcecode.cpp.cpp; path = site_percolation.cpp; sourceTree = "<group>"; };
		E2C5B7C626E4DE57004DDC3C /* percolation */ = {isa = PBXFileReference; explicitFileType = "compiled.mach-o.executable"; includeInIndex = 0; path = percolation; sourceTree = BUILT_PRODUCTS_DIR; };
		E2C5B7C826E4DE57004DDC3C /* percolation.cpp */ = {isa = PBXFileReference; lastKnownFileType = sourcecode.cpp.cpp; path = percolation.cpp; sourceTree = "<group>"; };
/* End PBXFileReference section */

/* Begin PBXFrameworksBuildPhase section */
		A779F75F26C918F500E96667 /* Frameworks */ = {
			isa = PBXFrameworksBuildPhase;
			buildActionMask = 2147483647;
			files = (
			);
			runOnlyForDeploymentPostprocessing = 0;
		};
		A77DE7DB26CAB25100A05271 /* Frameworks */ = {
			isa = PBXFrameworksBuildPhase;
			buildActionMask = 2147483647;
			files = (
			);
			runOnlyForDeploymentPostprocessing = 0;
		};
		A77DE7E726CABAF600A05271 /* Frameworks */ = {
			isa = PBXFrameworksBuildPhase;
			buildActionMask = 2147483647;
			files = (
			);
			runOnlyForDeploymentPostprocessing = 0;
		};
		E208FE4727AFF6B300FC1623 /* Frameworks */ = {
			isa = PBXFrameworksBuildPhase;
			buildActionMask = 2147483647;
			files = (
			);
			runOnlyForDeploymentPostprocessing = 0;
		};
		E233D37C29802FD700B309C7 /* Frameworks */ = {
			isa = PBXFrameworksBuildPhase;
			buildActionMask = 2147483647;
			files = (
			);
			runOnlyForDeploymentPostprocessing = 0;
		};
		E26C6C7128018876003C97E9 /* Frameworks */ = {
			isa = PBXFrameworksBuildPhase;
			buildActionMask = 2147483647;
			files = (
			);
			runOnlyForDeploymentPostprocessing = 0;
		};
		E2C5B7C326E4DE57004DDC3C /* Frameworks */ = {
			isa = PBXFrameworksBuildPhase;
			buildActionMask = 2147483647;
			files = (
			);
			runOnlyForDeploymentPostprocessing = 0;
		};
/* End PBXFrameworksBuildPhase section */

/* Begin PBXGroup section */
		A779F75926C918F500E96667 = {
			isa = PBXGroup;
			children = (
				A779F76426C918F500E96667 /* svg */,
				A77DE7DF26CAB25100A05271 /* sphere16 */,
				A77DE7EB26CABAF600A05271 /* sphere15 */,
				E2C5B7C726E4DE57004DDC3C /* percolation */,
				E208FE4B27AFF6B300FC1623 /* excluded_volume */,
				E26C6C7528018876003C97E9 /* site_percolation */,
				E233D38029802FD700B309C7 /* bond_percolation */,
				A779F76326C918F500E96667 /* Products */,
			);
			sourceTree = "<group>";
		};
		A779F76326C918F500E96667 /* Products */ = {
			isa = PBXGroup;
			children = (
				A779F76226C918F500E96667 /* svg */,
				A77DE7DE26CAB25100A05271 /* sphere16 */,
				A77DE7EA26CABAF600A05271 /* sphere15 */,
				E2C5B7C626E4DE57004DDC3C /* percolation */,
				E208FE4A27AFF6B300FC1623 /* excluded_volume */,
				E26C6C7428018876003C97E9 /* site_percolation */,
				E233D37F29802FD700B309C7 /* bond_percolation */,
			);
			name = Products;
			sourceTree = "<group>";
		};
		A779F76426C918F500E96667 /* svg */ = {
			isa = PBXGroup;
			children = (
				A779F76526C918F500E96667 /* main.cpp */,
				A779F76C26C9190800E96667 /* svg.h */,
				A77DE7E526CAB2CE00A05271 /* spheres.h */,
			);
			path = svg;
			sourceTree = "<group>";
		};
		A77DE7DF26CAB25100A05271 /* sphere16 */ = {
			isa = PBXGroup;
			children = (
				E208FE5127AFFC1700FC1623 /* model.h */,
				A77DE7E026CAB25100A05271 /* sphere16.cpp */,
			);
			path = sphere16;
			sourceTree = "<group>";
		};
		A77DE7EB26CABAF600A05271 /* sphere15 */ = {
			isa = PBXGroup;
			children = (
				A77DE7EC26CABAF600A05271 /* sphere15.cpp */,
			);
			path = sphere15;
			sourceTree = "<group>";
		};
		E208FE4B27AFF6B300FC1623 /* excluded_volume */ = {
			isa = PBXGroup;
			children = (
				E208FE4C27AFF6B300FC1623 /* excluded_volume.cpp */,
			);
			path = excluded_volume;
			sourceTree = "<group>";
		};
		E233D38029802FD700B309C7 /* bond_percolation */ = {
			isa = PBXGroup;
			children = (
				E233D38129802FD700B309C7 /* bond_percolation.cpp */,
			);
			path = bond_percolation;
			sourceTree = "<group>";
		};
		E26C6C7528018876003C97E9 /* site_percolation */ = {
			isa = PBXGroup;
			children = (
				E26C6C7628018876003C97E9 /* site_percolation.cpp */,
			);
			path = site_percolation;
			sourceTree = "<group>";
		};
		E2C5B7C726E4DE57004DDC3C /* percolation */ = {
			isa = PBXGroup;
			children = (
				E2C5B7C826E4DE57004DDC3C /* percolation.cpp */,
			);
			path = percolation;
			sourceTree = "<group>";
		};
/* End PBXGroup section */

/* Begin PBXNativeTarget section */
		A779F76126C918F500E96667 /* svg */ = {
			isa = PBXNativeTarget;
			buildConfigurationList = A779F76926C918F500E96667 /* Build configuration list for PBXNativeTarget "svg" */;
			buildPhases = (
				A779F75E26C918F500E96667 /* Sources */,
				A779F75F26C918F500E96667 /* Frameworks */,
				A779F76026C918F500E96667 /* CopyFiles */,
			);
			buildRules = (
			);
			dependencies = (
			);
			name = svg;
			productName = svg;
			productReference = A779F76226C918F500E96667 /* svg */;
			productType = "com.apple.product-type.tool";
		};
		A77DE7DD26CAB25100A05271 /* sphere16 */ = {
			isa = PBXNativeTarget;
			buildConfigurationList = A77DE7E426CAB25100A05271 /* Build configuration list for PBXNativeTarget "sphere16" */;
			buildPhases = (
				A77DE7DA26CAB25100A05271 /* Sources */,
				A77DE7DB26CAB25100A05271 /* Frameworks */,
				A77DE7DC26CAB25100A05271 /* CopyFiles */,
			);
			buildRules = (
			);
			dependencies = (
			);
			name = sphere16;
			productName = sphere16;
			productReference = A77DE7DE26CAB25100A05271 /* sphere16 */;
			productType = "com.apple.product-type.tool";
		};
		A77DE7E926CABAF600A05271 /* sphere15 */ = {
			isa = PBXNativeTarget;
			buildConfigurationList = A77DE7EE26CABAF600A05271 /* Build configuration list for PBXNativeTarget "sphere15" */;
			buildPhases = (
				A77DE7E626CABAF600A05271 /* Sources */,
				A77DE7E726CABAF600A05271 /* Frameworks */,
				A77DE7E826CABAF600A05271 /* CopyFiles */,
			);
			buildRules = (
			);
			dependencies = (
			);
			name = sphere15;
			productName = sphere15;
			productReference = A77DE7EA26CABAF600A05271 /* sphere15 */;
			productType = "com.apple.product-type.tool";
		};
		E208FE4927AFF6B300FC1623 /* excluded_volume */ = {
			isa = PBXNativeTarget;
			buildConfigurationList = E208FE5027AFF6B300FC1623 /* Build configuration list for PBXNativeTarget "excluded_volume" */;
			buildPhases = (
				E208FE4627AFF6B300FC1623 /* Sources */,
				E208FE4727AFF6B300FC1623 /* Frameworks */,
				E208FE4827AFF6B300FC1623 /* CopyFiles */,
			);
			buildRules = (
			);
			dependencies = (
			);
			name = excluded_volume;
			productName = excluded_volume;
			productReference = E208FE4A27AFF6B300FC1623 /* excluded_volume */;
			productType = "com.apple.product-type.tool";
		};
		E233D37E29802FD700B309C7 /* bond_percolation */ = {
			isa = PBXNativeTarget;
			buildConfigurationList = E233D38529802FD700B309C7 /* Build configuration list for PBXNativeTarget "bond_percolation" */;
			buildPhases = (
				E233D37B29802FD700B309C7 /* Sources */,
				E233D37C29802FD700B309C7 /* Frameworks */,
				E233D37D29802FD700B309C7 /* CopyFiles */,
			);
			buildRules = (
			);
			dependencies = (
			);
			name = bond_percolation;
			productName = bond_percolation;
			productReference = E233D37F29802FD700B309C7 /* bond_percolation */;
			productType = "com.apple.product-type.tool";
		};
		E26C6C7328018876003C97E9 /* site_percolation */ = {
			isa = PBXNativeTarget;
			buildConfigurationList = E26C6C7A28018876003C97E9 /* Build configuration list for PBXNativeTarget "site_percolation" */;
			buildPhases = (
				E26C6C7028018876003C97E9 /* Sources */,
				E26C6C7128018876003C97E9 /* Frameworks */,
				E26C6C7228018876003C97E9 /* CopyFiles */,
			);
			buildRules = (
			);
			dependencies = (
			);
			name = site_percolation;
			productName = site_percolation;
			productReference = E26C6C7428018876003C97E9 /* site_percolation */;
			productType = "com.apple.product-type.tool";
		};
		E2C5B7C526E4DE57004DDC3C /* percolation */ = {
			isa = PBXNativeTarget;
			buildConfigurationList = E2C5B7CC26E4DE57004DDC3C /* Build configuration list for PBXNativeTarget "percolation" */;
			buildPhases = (
				E2C5B7C226E4DE57004DDC3C /* Sources */,
				E2C5B7C326E4DE57004DDC3C /* Frameworks */,
				E2C5B7C426E4DE57004DDC3C /* CopyFiles */,
			);
			buildRules = (
			);
			dependencies = (
			);
			name = percolation;
			productName = percolation;
			productReference = E2C5B7C626E4DE57004DDC3C /* percolation */;
			productType = "com.apple.product-type.tool";
		};
/* End PBXNativeTarget section */

/* Begin PBXProject section */
		A779F75A26C918F500E96667 /* Project object */ = {
			isa = PBXProject;
			attributes = {
				BuildIndependentTargetsInParallel = 1;
				LastUpgradeCheck = 1310;
				TargetAttributes = {
					A779F76126C918F500E96667 = {
						CreatedOnToolsVersion = 13.0;
					};
					A77DE7DD26CAB25100A05271 = {
						CreatedOnToolsVersion = 13.0;
					};
					A77DE7E926CABAF600A05271 = {
						CreatedOnToolsVersion = 13.0;
					};
					E208FE4927AFF6B300FC1623 = {
						CreatedOnToolsVersion = 13.2.1;
					};
					E233D37E29802FD700B309C7 = {
						CreatedOnToolsVersion = 14.2;
					};
					E26C6C7328018876003C97E9 = {
						CreatedOnToolsVersion = 13.3;
					};
					E2C5B7C526E4DE57004DDC3C = {
						CreatedOnToolsVersion = 13.0;
					};
				};
			};
			buildConfigurationList = A779F75D26C918F500E96667 /* Build configuration list for PBXProject "svg" */;
			compatibilityVersion = "Xcode 13.0";
			developmentRegion = en;
			hasScannedForEncodings = 0;
			knownRegions = (
				en,
				Base,
			);
			mainGroup = A779F75926C918F500E96667;
			productRefGroup = A779F76326C918F500E96667 /* Products */;
			projectDirPath = "";
			projectRoot = "";
			targets = (
				A779F76126C918F500E96667 /* svg */,
				A77DE7DD26CAB25100A05271 /* sphere16 */,
				A77DE7E926CABAF600A05271 /* sphere15 */,
				E2C5B7C526E4DE57004DDC3C /* percolation */,
				E208FE4927AFF6B300FC1623 /* excluded_volume */,
				E26C6C7328018876003C97E9 /* site_percolation */,
				E233D37E29802FD700B309C7 /* bond_percolation */,
			);
		};
/* End PBXProject section */

/* Begin PBXSourcesBuildPhase section */
		A779F75E26C918F500E96667 /* Sources */ = {
			isa = PBXSourcesBuildPhase;
			buildActionMask = 2147483647;
			files = (
				A779F76626C918F500E96667 /* main.cpp in Sources */,
			);
			runOnlyForDeploymentPostprocessing = 0;
		};
		A77DE7DA26CAB25100A05271 /* Sources */ = {
			isa = PBXSourcesBuildPhase;
			buildActionMask = 2147483647;
			files = (
				A77DE7E126CAB25100A05271 /* sphere16.cpp in Sources */,
			);
			runOnlyForDeploymentPostprocessing = 0;
		};
		A77DE7E626CABAF600A05271 /* Sources */ = {
			isa = PBXSourcesBuildPhase;
			buildActionMask = 2147483647;
			files = (
				A77DE7ED26CABAF600A05271 /* sphere15.cpp in Sources */,
			);
			runOnlyForDeploymentPostprocessing = 0;
		};
		E208FE4627AFF6B300FC1623 /* Sources */ = {
			isa = PBXSourcesBuildPhase;
			buildActionMask = 2147483647;
			files = (
				E208FE4D27AFF6B300FC1623 /* excluded_volume.cpp in Sources */,
			);
			runOnlyForDeploymentPostprocessing = 0;
		};
		E233D37B29802FD700B309C7 /* Sources */ = {
			isa = PBXSourcesBuildPhase;
			buildActionMask = 2147483647;
			files = (
				E233D38229802FD700B309C7 /* bond_percolation.cpp in Sources */,
			);
			runOnlyForDeploymentPostprocessing = 0;
		};
		E26C6C7028018876003C97E9 /* Sources */ = {
			isa = PBXSourcesBuildPhase;
			buildActionMask = 2147483647;
			files = (
				E26C6C7728018876003C97E9 /* site_percolation.cpp in Sources */,
			);
			runOnlyForDeploymentPostprocessing = 0;
		};
		E2C5B7C226E4DE57004DDC3C /* Sources */ = {
			isa = PBXSourcesBuildPhase;
			buildActionMask = 2147483647;
			files = (
				E2C5B7C926E4DE57004DDC3C /* percolation.cpp in Sources */,
			);
			runOnlyForDeploymentPostprocessing = 0;
		};
/* End PBXSourcesBuildPhase section */

/* Begin XCBuildConfiguration section */
		A779F76726C918F500E96667 /* Debug */ = {
			isa = XCBuildConfiguration;
			buildSettings = {
				ALWAYS_SEARCH_USER_PATHS = NO;
				CLANG_ANALYZER_NONNULL = YES;
				CLANG_ANALYZER_NUMBER_OBJECT_CONVERSION = YES_AGGRESSIVE;
				CLANG_CXX_LANGUAGE_STANDARD = "gnu++17";
				CLANG_CXX_LIBRARY = "libc++";
				CLANG_ENABLE_MODULES = YES;
				CLANG_ENABLE_OBJC_ARC = YES;
				CLANG_ENABLE_OBJC_WEAK = YES;
				CLANG_WARN_BLOCK_CAPTURE_AUTORELEASING = YES;
				CLANG_WARN_BOOL_CONVERSION = YES;
				CLANG_WARN_COMMA = YES;
				CLANG_WARN_CONSTANT_CONVERSION = YES;
				CLANG_WARN_DEPRECATED_OBJC_IMPLEMENTATIONS = YES;
				CLANG_WARN_DIRECT_OBJC_ISA_USAGE = YES_ERROR;
				CLANG_WARN_DOCUMENTATION_COMMENTS = YES;
				CLANG_WARN_EMPTY_BODY = YES;
				CLANG_WARN_ENUM_CONVERSION = YES;
				CLANG_WARN_INFINITE_RECURSION = YES;
				CLANG_WARN_INT_CONVERSION = YES;
				CLANG_WARN_NON_LITERAL_NULL_CONVERSION = YES;
				CLANG_WARN_OBJC_IMPLICIT_RETAIN_SELF = YES;
				CLANG_WARN_OBJC_LITERAL_CONVERSION = YES;
				CLANG_WARN_OBJC_ROOT_CLASS = YES_ERROR;
				CLANG_WARN_QUOTED_INCLUDE_IN_FRAMEWORK_HEADER = YES;
				CLANG_WARN_RANGE_LOOP_ANALYSIS = YES;
				CLANG_WARN_STRICT_PROTOTYPES = YES;
				CLANG_WARN_SUSPICIOUS_MOVE = YES;
				CLANG_WARN_UNGUARDED_AVAILABILITY = YES_AGGRESSIVE;
				CLANG_WARN_UNREACHABLE_CODE = YES;
				CLANG_WARN__DUPLICATE_METHOD_MATCH = YES;
				COPY_PHASE_STRIP = NO;
				DEBUG_INFORMATION_FORMAT = dwarf;
				ENABLE_STRICT_OBJC_MSGSEND = YES;
				ENABLE_TESTABILITY = YES;
				GCC_C_LANGUAGE_STANDARD = gnu11;
				GCC_DYNAMIC_NO_PIC = NO;
				GCC_NO_COMMON_BLOCKS = YES;
				GCC_OPTIMIZATION_LEVEL = 0;
				GCC_PREPROCESSOR_DEFINITIONS = (
					"DEBUG=1",
					"$(inherited)",
				);
				GCC_WARN_64_TO_32_BIT_CONVERSION = YES;
				GCC_WARN_ABOUT_RETURN_TYPE = YES_ERROR;
				GCC_WARN_UNDECLARED_SELECTOR = YES;
				GCC_WARN_UNINITIALIZED_AUTOS = YES_AGGRESSIVE;
				GCC_WARN_UNUSED_FUNCTION = YES;
				GCC_WARN_UNUSED_VARIABLE = YES;
				MACOSX_DEPLOYMENT_TARGET = 12.0;
				MTL_ENABLE_DEBUG_INFO = INCLUDE_SOURCE;
				MTL_FAST_MATH = YES;
				ONLY_ACTIVE_ARCH = YES;
				SDKROOT = macosx;
				USE_HEADERMAP = NO;
			};
			name = Debug;
		};
		A779F76826C918F500E96667 /* Release */ = {
			isa = XCBuildConfiguration;
			buildSettings = {
				ALWAYS_SEARCH_USER_PATHS = NO;
				CLANG_ANALYZER_NONNULL = YES;
				CLANG_ANALYZER_NUMBER_OBJECT_CONVERSION = YES_AGGRESSIVE;
				CLANG_CXX_LANGUAGE_STANDARD = "gnu++17";
				CLANG_CXX_LIBRARY = "libc++";
				CLANG_ENABLE_MODULES = YES;
				CLANG_ENABLE_OBJC_ARC = YES;
				CLANG_ENABLE_OBJC_WEAK = YES;
				CLANG_WARN_BLOCK_CAPTURE_AUTORELEASING = YES;
				CLANG_WARN_BOOL_CONVERSION = YES;
				CLANG_WARN_COMMA = YES;
				CLANG_WARN_CONSTANT_CONVERSION = YES;
				CLANG_WARN_DEPRECATED_OBJC_IMPLEMENTATIONS = YES;
				CLANG_WARN_DIRECT_OBJC_ISA_USAGE = YES_ERROR;
				CLANG_WARN_DOCUMENTATION_COMMENTS = YES;
				CLANG_WARN_EMPTY_BODY = YES;
				CLANG_WARN_ENUM_CONVERSION = YES;
				CLANG_WARN_INFINITE_RECURSION = YES;
				CLANG_WARN_INT_CONVERSION = YES;
				CLANG_WARN_NON_LITERAL_NULL_CONVERSION = YES;
				CLANG_WARN_OBJC_IMPLICIT_RETAIN_SELF = YES;
				CLANG_WARN_OBJC_LITERAL_CONVERSION = YES;
				CLANG_WARN_OBJC_ROOT_CLASS = YES_ERROR;
				CLANG_WARN_QUOTED_INCLUDE_IN_FRAMEWORK_HEADER = YES;
				CLANG_WARN_RANGE_LOOP_ANALYSIS = YES;
				CLANG_WARN_STRICT_PROTOTYPES = YES;
				CLANG_WARN_SUSPICIOUS_MOVE = YES;
				CLANG_WARN_UNGUARDED_AVAILABILITY = YES_AGGRESSIVE;
				CLANG_WARN_UNREACHABLE_CODE = YES;
				CLANG_WARN__DUPLICATE_METHOD_MATCH = YES;
				COPY_PHASE_STRIP = NO;
				DEBUG_INFORMATION_FORMAT = "dwarf-with-dsym";
				ENABLE_NS_ASSERTIONS = NO;
				ENABLE_STRICT_OBJC_MSGSEND = YES;
				GCC_C_LANGUAGE_STANDARD = gnu11;
				GCC_NO_COMMON_BLOCKS = YES;
				GCC_WARN_64_TO_32_BIT_CONVERSION = YES;
				GCC_WARN_ABOUT_RETURN_TYPE = YES_ERROR;
				GCC_WARN_UNDECLARED_SELECTOR = YES;
				GCC_WARN_UNINITIALIZED_AUTOS = YES_AGGRESSIVE;
				GCC_WARN_UNUSED_FUNCTION = YES;
				GCC_WARN_UNUSED_VARIABLE = YES;
				MACOSX_DEPLOYMENT_TARGET = 12.0;
				MTL_ENABLE_DEBUG_INFO = NO;
				MTL_FAST_MATH = YES;
				SDKROOT = macosx;
				USE_HEADERMAP = NO;
			};
			name = Release;
		};
		A779F76A26C918F500E96667 /* Debug */ = {
			isa = XCBuildConfiguration;
			buildSettings = {
				CODE_SIGN_IDENTITY = "-";
				CODE_SIGN_STYLE = Automatic;
				DEVELOPMENT_TEAM = PPMKVT4765;
				ENABLE_HARDENED_RUNTIME = YES;
				PRODUCT_NAME = "$(TARGET_NAME)";
			};
			name = Debug;
		};
		A779F76B26C918F500E96667 /* Release */ = {
			isa = XCBuildConfiguration;
			buildSettings = {
				CODE_SIGN_IDENTITY = "-";
				CODE_SIGN_STYLE = Automatic;
				DEVELOPMENT_TEAM = PPMKVT4765;
				ENABLE_HARDENED_RUNTIME = YES;
				PRODUCT_NAME = "$(TARGET_NAME)";
			};
			name = Release;
		};
		A77DE7E226CAB25100A05271 /* Debug */ = {
			isa = XCBuildConfiguration;
			buildSettings = {
				CODE_SIGN_IDENTITY = "-";
				CODE_SIGN_STYLE = Automatic;
				DEVELOPMENT_TEAM = PPMKVT4765;
				ENABLE_HARDENED_RUNTIME = YES;
				PRODUCT_NAME = "$(TARGET_NAME)";
			};
			name = Debug;
		};
		A77DE7E326CAB25100A05271 /* Release */ = {
			isa = XCBuildConfiguration;
			buildSettings = {
				CODE_SIGN_IDENTITY = "-";
				CODE_SIGN_STYLE = Automatic;
				DEVELOPMENT_TEAM = PPMKVT4765;
				ENABLE_HARDENED_RUNTIME = YES;
				PRODUCT_NAME = "$(TARGET_NAME)";
			};
			name = Release;
		};
		A77DE7EF26CABAF600A05271 /* Debug */ = {
			isa = XCBuildConfiguration;
			buildSettings = {
				CODE_SIGN_IDENTITY = "-";
				CODE_SIGN_STYLE = Automatic;
				DEVELOPMENT_TEAM = PPMKVT4765;
				ENABLE_HARDENED_RUNTIME = YES;
				PRODUCT_NAME = "$(TARGET_NAME)";
			};
			name = Debug;
		};
		A77DE7F026CABAF600A05271 /* Release */ = {
			isa = XCBuildConfiguration;
			buildSettings = {
				CODE_SIGN_IDENTITY = "-";
				CODE_SIGN_STYLE = Automatic;
				DEVELOPMENT_TEAM = PPMKVT4765;
				ENABLE_HARDENED_RUNTIME = YES;
				PRODUCT_NAME = "$(TARGET_NAME)";
			};
			name = Release;
		};
		E208FE4E27AFF6B300FC1623 /* Debug */ = {
			isa = XCBuildConfiguration;
			buildSettings = {
				CODE_SIGN_STYLE = Automatic;
				DEVELOPMENT_TEAM = PPMKVT4765;
				ENABLE_HARDENED_RUNTIME = YES;
				MACOSX_DEPLOYMENT_TARGET = 12.1;
				PRODUCT_NAME = "$(TARGET_NAME)";
			};
			name = Debug;
		};
		E208FE4F27AFF6B300FC1623 /* Release */ = {
			isa = XCBuildConfiguration;
			buildSettings = {
				CODE_SIGN_STYLE = Automatic;
				DEVELOPMENT_TEAM = PPMKVT4765;
				ENABLE_HARDENED_RUNTIME = YES;
				MACOSX_DEPLOYMENT_TARGET = 12.1;
				PRODUCT_NAME = "$(TARGET_NAME)";
			};
			name = Release;
		};
		E233D38329802FD700B309C7 /* Debug */ = {
			isa = XCBuildConfiguration;
			buildSettings = {
				CLANG_CXX_LANGUAGE_STANDARD = "gnu++20";
				CODE_SIGN_STYLE = Automatic;
				DEVELOPMENT_TEAM = PPMKVT4765;
				ENABLE_HARDENED_RUNTIME = YES;
				MACOSX_DEPLOYMENT_TARGET = 13.1;
				PRODUCT_NAME = "$(TARGET_NAME)";
			};
			name = Debug;
		};
		E233D38429802FD700B309C7 /* Release */ = {
			isa = XCBuildConfiguration;
			buildSettings = {
				CLANG_CXX_LANGUAGE_STANDARD = "gnu++20";
				CODE_SIGN_STYLE = Automatic;
				DEVELOPMENT_TEAM = PPMKVT4765;
				ENABLE_HARDENED_RUNTIME = YES;
				MACOSX_DEPLOYMENT_TARGET = 13.1;
				PRODUCT_NAME = "$(TARGET_NAME)";
			};
			name = Release;
		};
		E26C6C7828018876003C97E9 /* Debug */ = {
			isa = XCBuildConfiguration;
			buildSettings = {
				CODE_SIGN_STYLE = Automatic;
				DEVELOPMENT_TEAM = PPMKVT4765;
				ENABLE_HARDENED_RUNTIME = YES;
				MACOSX_DEPLOYMENT_TARGET = 12.3;
				PRODUCT_NAME = "$(TARGET_NAME)";
			};
			name = Debug;
		};
		E26C6C7928018876003C97E9 /* Release */ = {
			isa = XCBuildConfiguration;
			buildSettings = {
				CODE_SIGN_STYLE = Automatic;
				DEVELOPMENT_TEAM = PPMKVT4765;
				ENABLE_HARDENED_RUNTIME = YES;
				MACOSX_DEPLOYMENT_TARGET = 12.3;
				PRODUCT_NAME = "$(TARGET_NAME)";
			};
			name = Release;
		};
		E2C5B7CA26E4DE57004DDC3C /* Debug */ = {
			isa = XCBuildConfiguration;
			buildSettings = {
				CODE_SIGN_IDENTITY = "-";
				CODE_SIGN_STYLE = Automatic;
				DEVELOPMENT_TEAM = PPMKVT4765;
				ENABLE_HARDENED_RUNTIME = YES;
				PRODUCT_NAME = "$(TARGET_NAME)";
			};
			name = Debug;
		};
		E2C5B7CB26E4DE57004DDC3C /* Release */ = {
			isa = XCBuildConfiguration;
			buildSettings = {
				CODE_SIGN_IDENTITY = "-";
				CODE_SIGN_STYLE = Automatic;
				DEVELOPMENT_TEAM = PPMKVT4765;
				ENABLE_HARDENED_RUNTIME = YES;
				PRODUCT_NAME = "$(TARGET_NAME)";
			};
			name = Release;
		};
/* End XCBuildConfiguration section */

/* Begin XCConfigurationList section */
		A779F75D26C918F500E96667 /* Build configuration list for PBXProject "svg" */ = {
			isa = XCConfigurationList;
			buildConfigurations = (
				A779F76726C918F500E96667 /* Debug */,
				A779F76826C918F500E96667 /* Release */,
			);
			defaultConfigurationIsVisible = 0;
			defaultConfigurationName = Release;
		};
		A779F76926C918F500E96667 /* Build configuration list for PBXNativeTarget "svg" */ = {
			isa = XCConfigurationList;
			buildConfigurations = (
				A779F76A26C918F500E96667 /* Debug */,
				A779F76B26C918F500E96667 /* Release */,
			);
			defaultConfigurationIsVisible = 0;
			defaultConfigurationName = Release;
		};
		A77DE7E426CAB25100A05271 /* Build configuration list for PBXNativeTarget "sphere16" */ = {
			isa = XCConfigurationList;
			buildConfigurations = (
				A77DE7E226CAB25100A05271 /* Debug */,
				A77DE7E326CAB25100A05271 /* Release */,
			);
			defaultConfigurationIsVisible = 0;
			defaultConfigurationName = Release;
		};
		A77DE7EE26CABAF600A05271 /* Build configuration list for PBXNativeTarget "sphere15" */ = {
			isa = XCConfigurationList;
			buildConfigurations = (
				A77DE7EF26CABAF600A05271 /* Debug */,
				A77DE7F026CABAF600A05271 /* Release */,
			);
			defaultConfigurationIsVisible = 0;
			defaultConfigurationName = Release;
		};
		E208FE5027AFF6B300FC1623 /* Build configuration list for PBXNativeTarget "excluded_volume" */ = {
			isa = XCConfigurationList;
			buildConfigurations = (
				E208FE4E27AFF6B300FC1623 /* Debug */,
				E208FE4F27AFF6B300FC1623 /* Release */,
			);
			defaultConfigurationIsVisible = 0;
			defaultConfigurationName = Release;
		};
		E233D38529802FD700B309C7 /* Build configuration list for PBXNativeTarget "bond_percolation" */ = {
			isa = XCConfigurationList;
			buildConfigurations = (
				E233D38329802FD700B309C7 /* Debug */,
				E233D38429802FD700B309C7 /* Release */,
			);
			defaultConfigurationIsVisible = 0;
			defaultConfigurationName = Release;
		};
		E26C6C7A28018876003C97E9 /* Build configuration list for PBXNativeTarget "site_percolation" */ = {
			isa = XCConfigurationList;
			buildConfigurations = (
				E26C6C7828018876003C97E9 /* Debug */,
				E26C6C7928018876003C97E9 /* Release */,
			);
			defaultConfigurationIsVisible = 0;
			defaultConfigurationName = Release;
		};
		E2C5B7CC26E4DE57004DDC3C /* Build configuration list for PBXNativeTarget "percolation" */ = {
			isa = XCConfigurationList;
			buildConfigurations = (
				E2C5B7CA26E4DE57004DDC3C /* Debug */,
				E2C5B7CB26E4DE57004DDC3C /* Release */,
			);
			defaultConfigurationIsVisible = 0;
			defaultConfigurationName = Release;
		};
/* End XCConfigurationList section */
	};
	rootObject = A779F75A26C918F500E96667 /* Project object */;
}
